PODS:
  - Capacitor (8.0.0):
    - CapacitorCordova
  - CapacitorApp (8.0.0):
    - Capacitor
  - CapacitorBrowser (8.0.0):
    - Capacitor
  - CapacitorCamera (8.0.0):
    - Capacitor
  - CapacitorCommunityKeepAwake (8.0.0):
    - Capacitor
  - CapacitorCordova (8.0.0)
  - CapacitorDevice (8.0.0):
    - Capacitor
  - CapacitorFilesystem (8.0.0):
    - Capacitor
    - IONFilesystemLib (~> 1.0.1)
  - CapacitorGeolocation (8.0.0):
    - Capacitor
    - IONGeolocationLib (= 2.0.0)
  - CapacitorInappbrowser (3.0.0):
    - Capacitor
    - OSInAppBrowserLib (~> 2.3.1)
  - CapacitorNetwork (8.0.0):
    - Capacitor
  - CapacitorPreferences (8.0.0):
    - Capacitor
  - CapacitorToast (8.0.0):
    - Capacitor
  - IONFilesystemLib (1.0.1)
  - IONGeolocationLib (2.0.0)
  - OSInAppBrowserLib (2.3.1)

DEPENDENCIES:
  - "Capacitor (from `../../node_modules/@capacitor/ios`)"
  - "CapacitorApp (from `../../node_modules/@capacitor/app`)"
  - "CapacitorBrowser (from `../../node_modules/@capacitor/browser`)"
  - "CapacitorCamera (from `../../node_modules/@capacitor/camera`)"
  - "CapacitorCommunityKeepAwake (from `../../node_modules/@capacitor-community/keep-awake`)"
  - "CapacitorCordova (from `../../node_modules/@capacitor/ios`)"
  - "CapacitorDevice (from `../../node_modules/@capacitor/device`)"
  - "CapacitorFilesystem (from `../../node_modules/@capacitor/filesystem`)"
  - "CapacitorGeolocation (from `../../node_modules/@capacitor/geolocation`)"
  - "CapacitorInappbrowser (from `../../node_modules/@capacitor/inappbrowser`)"
  - "CapacitorNetwork (from `../../node_modules/@capacitor/network`)"
  - "CapacitorPreferences (from `../../node_modules/@capacitor/preferences`)"
  - "CapacitorToast (from `../../node_modules/@capacitor/toast`)"

SPEC REPOS:
  trunk:
    - IONFilesystemLib
    - IONGeolocationLib
    - OSInAppBrowserLib

EXTERNAL SOURCES:
  Capacitor:
    :path: "../../node_modules/@capacitor/ios"
  CapacitorApp:
    :path: "../../node_modules/@capacitor/app"
  CapacitorBrowser:
    :path: "../../node_modules/@capacitor/browser"
  CapacitorCamera:
    :path: "../../node_modules/@capacitor/camera"
  CapacitorCommunityKeepAwake:
    :path: "../../node_modules/@capacitor-community/keep-awake"
  CapacitorCordova:
    :path: "../../node_modules/@capacitor/ios"
  CapacitorDevice:
    :path: "../../node_modules/@capacitor/device"
  CapacitorFilesystem:
    :path: "../../node_modules/@capacitor/filesystem"
  CapacitorGeolocation:
    :path: "../../node_modules/@capacitor/geolocation"
  CapacitorInappbrowser:
    :path: "../../node_modules/@capacitor/inappbrowser"
  CapacitorNetwork:
    :path: "../../node_modules/@capacitor/network"
  CapacitorPreferences:
    :path: "../../node_modules/@capacitor/preferences"
  CapacitorToast:
    :path: "../../node_modules/@capacitor/toast"

SPEC CHECKSUMS:
  Capacitor: 79e40e5e76f852965dce30406c65253fa154e24a
  CapacitorApp: cfa0120a1f3a6f69d4d37d3041782aa5c5167d0b
  CapacitorBrowser: 7452c73a202716d9c9035e5dbe5c5d8d07737f22
  CapacitorCamera: 05ac5bd4499ed4b8cf5358d1b4a874b385de7b4d
  CapacitorCommunityKeepAwake: 2dffdfe2c56a49b15bef37da2e1a7bf5a8675989
  CapacitorCordova: 5dc3912d25ef770a3fe0f431bb65c9fbfa2e92f9
  CapacitorDevice: 56baac70d6493c42756676d521e99eea5cc83e71
  CapacitorFilesystem: 608bca984a5b6b2cba85a2972ea22974a37659d8
  CapacitorGeolocation: a8381371f7b460e6be569576557285e70f0c9d6c
  CapacitorInappbrowser: 419fca64e69be39249eee70958ebfd0dc0ff2490
  CapacitorNetwork: e03b0c02b4a9d76e58c19e15e9e0c200929529b9
  CapacitorPreferences: 83f13cc19660ca9649a4769ec255be93f8c2ff68
  CapacitorToast: 6275c84283ac9c424a20554e71b8a6263f44554c
  IONFilesystemLib: 89258b8e3e85465da93127d25d7ce37f977e8a6f
  IONGeolocationLib: a5e40b54edc2ee9902036eda5aaa41ddf07bb68d
  OSInAppBrowserLib: bf7cdcc072394ae827f8cfe3f5f9c807691834c0

PODFILE CHECKSUM: ec0422892d3ad61e23c8b3511f9c27f0b92d7c6c

COCOAPODS: 1.16.2
