PODS:
  - Capacitor (8.5.2):
    - CapacitorCordova
  - CapacitorAndroidNavMode (3.0.0):
    - Capacitor
  - CapacitorApp (8.1.1):
    - Capacitor
  - CapacitorAppLauncher (8.0.1):
    - Capacitor
  - CapacitorBrowser (8.0.4):
    - Capacitor
  - CapacitorCamera (8.2.4):
    - Capacitor
    - IONCameraLib (~> 2.0.0)
  - CapacitorCommunityDevice (8.0.0):
    - Capacitor
  - CapacitorCommunityKeepAwake (8.0.1):
    - Capacitor
  - CapacitorCordova (8.5.2)
  - CapacitorDevice (8.0.3):
    - Capacitor
  - CapacitorEmailComposer (8.0.0):
    - Capacitor
  - CapacitorFilesystem (8.1.3):
    - Capacitor
    - IONFilesystemLib (~> 1.1.1)
  - CapacitorGeolocation (8.2.2):
    - Capacitor
    - IONGeolocationLib (= 2.1.0)
  - CapacitorInappbrowser (3.0.3):
    - Capacitor
    - OSInAppBrowserLib (~> 2.3.2)
  - CapacitorNetwork (8.0.1):
    - Capacitor
  - CapacitorPreferences (8.0.1):
    - Capacitor
  - CapacitorStatusBar (8.0.3):
    - Capacitor
  - CapacitorToast (8.0.1):
    - Capacitor
  - CordovaPlugins (8.5.2):
    - CapacitorCordova
  - IONCameraLib (2.0.0)
  - IONFilesystemLib (1.1.4)
  - IONGeolocationLib (2.1.0)
  - OSInAppBrowserLib (2.3.2)

DEPENDENCIES:
  - "Capacitor (from `../../node_modules/@capacitor/ios`)"
  - CapacitorAndroidNavMode (from `../../node_modules/capacitor-android-nav-mode`)
  - "CapacitorApp (from `../../node_modules/@capacitor/app`)"
  - "CapacitorAppLauncher (from `../../node_modules/@capacitor/app-launcher`)"
  - "CapacitorBrowser (from `../../node_modules/@capacitor/browser`)"
  - "CapacitorCamera (from `../../node_modules/@capacitor/camera`)"
  - "CapacitorCommunityDevice (from `../../node_modules/@capacitor-community/device`)"
  - "CapacitorCommunityKeepAwake (from `../../node_modules/@capacitor-community/keep-awake`)"
  - "CapacitorCordova (from `../../node_modules/@capacitor/ios`)"
  - "CapacitorDevice (from `../../node_modules/@capacitor/device`)"
  - CapacitorEmailComposer (from `../../node_modules/capacitor-email-composer`)
  - "CapacitorFilesystem (from `../../node_modules/@capacitor/filesystem`)"
  - "CapacitorGeolocation (from `../../node_modules/@capacitor/geolocation`)"
  - "CapacitorInappbrowser (from `../../node_modules/@capacitor/inappbrowser`)"
  - "CapacitorNetwork (from `../../node_modules/@capacitor/network`)"
  - "CapacitorPreferences (from `../../node_modules/@capacitor/preferences`)"
  - "CapacitorStatusBar (from `../../node_modules/@capacitor/status-bar`)"
  - "CapacitorToast (from `../../node_modules/@capacitor/toast`)"
  - CordovaPlugins (from `../capacitor-cordova-ios-plugins`)

SPEC REPOS:
  trunk:
    - IONCameraLib
    - IONFilesystemLib
    - IONGeolocationLib
    - OSInAppBrowserLib

EXTERNAL SOURCES:
  Capacitor:
    :path: "../../node_modules/@capacitor/ios"
  CapacitorAndroidNavMode:
    :path: "../../node_modules/capacitor-android-nav-mode"
  CapacitorApp:
    :path: "../../node_modules/@capacitor/app"
  CapacitorAppLauncher:
    :path: "../../node_modules/@capacitor/app-launcher"
  CapacitorBrowser:
    :path: "../../node_modules/@capacitor/browser"
  CapacitorCamera:
    :path: "../../node_modules/@capacitor/camera"
  CapacitorCommunityDevice:
    :path: "../../node_modules/@capacitor-community/device"
  CapacitorCommunityKeepAwake:
    :path: "../../node_modules/@capacitor-community/keep-awake"
  CapacitorCordova:
    :path: "../../node_modules/@capacitor/ios"
  CapacitorDevice:
    :path: "../../node_modules/@capacitor/device"
  CapacitorEmailComposer:
    :path: "../../node_modules/capacitor-email-composer"
  CapacitorFilesystem:
    :path: "../../node_modules/@capacitor/filesystem"
  CapacitorGeolocation:
    :path: "../../node_modules/@capacitor/geolocation"
  CapacitorInappbrowser:
    :path: "../../node_modules/@capacitor/inappbrowser"
  CapacitorNetwork:
    :path: "../../node_modules/@capacitor/network"
  CapacitorPreferences:
    :path: "../../node_modules/@capacitor/preferences"
  CapacitorStatusBar:
    :path: "../../node_modules/@capacitor/status-bar"
  CapacitorToast:
    :path: "../../node_modules/@capacitor/toast"
  CordovaPlugins:
    :path: "../capacitor-cordova-ios-plugins"

SPEC CHECKSUMS:
  Capacitor: 59aea4e8bd98b24b798919b4c55ae90c6ded1b0d
  CapacitorAndroidNavMode: 59bda37fe8c603957b6d31cea35bc757d72a562b
  CapacitorApp: 9fd99482b6536ddf1a54721ce678145fc7fa3418
  CapacitorAppLauncher: fc7c313549920528d0f28493b60d20de679deba4
  CapacitorBrowser: 553fcb154526484a5d12efc38093d3f781cb6a82
  CapacitorCamera: 3756cf094b1db48839ea5e4eee82e22edcb1c9d9
  CapacitorCommunityDevice: 4b1c180a28bf7b639c1f33348629f02627fc8f17
  CapacitorCommunityKeepAwake: 4eaeafc83573f2520fac18e136254ef34694f75b
  CapacitorCordova: 5bec5648cbd09a176ce34ce5e7b6cdabb2c8a327
  CapacitorDevice: e5599fa82274e59220170995826a16095ad20c40
  CapacitorEmailComposer: 4dc7fde6f40db29b10cc1e998aa3b577e06164fb
  CapacitorFilesystem: 8ad396fd0d680c15d018577f3d92dc1397f477de
  CapacitorGeolocation: cb788b96802c17b055cbbbdda7c871b2a813b5bc
  CapacitorInappbrowser: 22d5e81825942c167f4841c3e1f57aed7497ab4e
  CapacitorNetwork: 7afc28ed4d9abe1d9801264fa485db32e4420546
  CapacitorPreferences: 0fa33b3affebf12d96358b491ed7c2b39bec3270
  CapacitorStatusBar: 40bdc21352ecc617ec71c45ea06d669cdd2da8df
  CapacitorToast: 0432f40d66143ab56a322095e09740aa2c9a88a5
  CordovaPlugins: fbc74bdb71c735df05cab233e0c3f84b7b81346d
  IONCameraLib: 729cae576e1a952602ce750a9790b6dc7d7e2e95
  IONFilesystemLib: e6610c2b260d15e4b9cb9d5e37a87095479b669e
  IONGeolocationLib: 6a7b6f76063fb1b01cfb14fae7d0f526e3c9b271
  OSInAppBrowserLib: c21c8fa3d886654d2f553b9f1bded9d27a0530c7

PODFILE CHECKSUM: 26cb58c737798f716662fb5655428ebc29934eea

COCOAPODS: 1.16.2
