PODS:
  - Capacitor (8.0.0):
    - CapacitorCordova
  - CapacitorApp (8.0.0):
    - Capacitor
  - CapacitorCamera (8.0.0):
    - Capacitor
  - CapacitorCommunityKeepAwake (8.0.0):
    - Capacitor
  - CapacitorCordova (8.0.0)
  - CapacitorDevice (8.0.0):
    - Capacitor
  - CapacitorFilesystem (8.0.0):
    - Capacitor
    - IONFilesystemLib (~> 1.0.1)
  - CapacitorInappbrowser (3.0.0):
    - Capacitor
    - OSInAppBrowserLib (~> 2.3.1)
  - CapacitorNetwork (8.0.0):
    - Capacitor
  - CapacitorPreferences (8.0.0):
    - Capacitor
  - CapacitorToast (8.0.0):
    - Capacitor
  - IONFilesystemLib (1.0.1)
  - OSInAppBrowserLib (2.3.1)

DEPENDENCIES:
  - "Capacitor (from `../../node_modules/@capacitor/ios`)"
  - "CapacitorApp (from `../../node_modules/@capacitor/app`)"
  - "CapacitorCamera (from `../../node_modules/@capacitor/camera`)"
  - "CapacitorCommunityKeepAwake (from `../../node_modules/@capacitor-community/keep-awake`)"
  - "CapacitorCordova (from `../../node_modules/@capacitor/ios`)"
  - "CapacitorDevice (from `../../node_modules/@capacitor/device`)"
  - "CapacitorFilesystem (from `../../node_modules/@capacitor/filesystem`)"
  - "CapacitorInappbrowser (from `../../node_modules/@capacitor/inappbrowser`)"
  - "CapacitorNetwork (from `../../node_modules/@capacitor/network`)"
  - "CapacitorPreferences (from `../../node_modules/@capacitor/preferences`)"
  - "CapacitorToast (from `../../node_modules/@capacitor/toast`)"

SPEC REPOS:
  trunk:
    - IONFilesystemLib
    - OSInAppBrowserLib

EXTERNAL SOURCES:
  Capacitor:
    :path: "../../node_modules/@capacitor/ios"
  CapacitorApp:
    :path: "../../node_modules/@capacitor/app"
  CapacitorCamera:
    :path: "../../node_modules/@capacitor/camera"
  CapacitorCommunityKeepAwake:
    :path: "../../node_modules/@capacitor-community/keep-awake"
  CapacitorCordova:
    :path: "../../node_modules/@capacitor/ios"
  CapacitorDevice:
    :path: "../../node_modules/@capacitor/device"
  CapacitorFilesystem:
    :path: "../../node_modules/@capacitor/filesystem"
  CapacitorInappbrowser:
    :path: "../../node_modules/@capacitor/inappbrowser"
  CapacitorNetwork:
    :path: "../../node_modules/@capacitor/network"
  CapacitorPreferences:
    :path: "../../node_modules/@capacitor/preferences"
  CapacitorToast:
    :path: "../../node_modules/@capacitor/toast"

SPEC CHECKSUMS:
  Capacitor: 341ff7cf652ec695d1a8ebf604db448ac7b6d635
  CapacitorApp: 3963a84197280757b84f126afd1520a85ae3b092
  CapacitorCamera: 592acb7ab9fb748e2d8571eb03af30ec4e1ace12
  CapacitorCommunityKeepAwake: 332bf035bbdf0b1c244fd492b35a8a06c8802111
  CapacitorCordova: 5dc3912d25ef770a3fe0f431bb65c9fbfa2e92f9
  CapacitorDevice: 9a16fb36a19ff391bf75afbe3cf16f883b3b3aa0
  CapacitorFilesystem: 2cb7c29536024668f333266a2177f8c10bbd9c98
  CapacitorInappbrowser: 66fc8cc3ff414c2393fe5dcfd52815cf8b6a046f
  CapacitorNetwork: 156f8096cbbce5337eb1769fcc0d6adc4b85d3f3
  CapacitorPreferences: 443fabe9670226200e595658a87ef0b1566716d4
  CapacitorToast: aefebcd4cead9f44a04ace80c66a7eb4031751e7
  IONFilesystemLib: 89258b8e3e85465da93127d25d7ce37f977e8a6f
  OSInAppBrowserLib: bf7cdcc072394ae827f8cfe3f5f9c807691834c0

PODFILE CHECKSUM: 733c3fd4486d2a1b8c447477f03f2b7d2d5110af

COCOAPODS: 1.16.2
